// !$*UTF8*$!
{
	archiveVersion = 1;
	classes = {
	};
	objectVersion = 50;
	objects = {

/* Begin PBXBuildFile section */
		AC2164FC25972B8000E0B2BF /* LoadingDots.swift in Sources */ = {isa = PBXBuildFile; fileRef = AC2164FB25972B8000E0B2BF /* LoadingDots.swift */; };
		AC2E5278257FFD29000F4B7D /* FriendsTableViewController.swift in Sources */ = {isa = PBXBuildFile; fileRef = AC2E5277257FFD29000F4B7D /* FriendsTableViewController.swift */; };
		AC2E527B257FFD8F000F4B7D /* FriendCell.swift in Sources */ = {isa = PBXBuildFile; fileRef = AC2E527A257FFD8F000F4B7D /* FriendCell.swift */; };
		AC2E528225800AE5000F4B7D /* FriendCollectionViewController.swift in Sources */ = {isa = PBXBuildFile; fileRef = AC2E528125800AE5000F4B7D /* FriendCollectionViewController.swift */; };
		AC550D482583DE4F00255250 /* Avatar.swift in Sources */ = {isa = PBXBuildFile; fileRef = AC550D472583DE4F00255250 /* Avatar.swift */; };
		AC6B102525AE044D00689A64 /* Session.swift in Sources */ = {isa = PBXBuildFile; fileRef = AC6B102425AE044D00689A64 /* Session.swift */; };
		AC8655A125A5E32D000FF568 /* CustomNavigationController.swift in Sources */ = {isa = PBXBuildFile; fileRef = AC8655A025A5E32D000FF568 /* CustomNavigationController.swift */; };
		AC8655A425A5E45F000FF568 /* CustomNavigationControllerTransitions.swift in Sources */ = {isa = PBXBuildFile; fileRef = AC8655A325A5E45F000FF568 /* CustomNavigationControllerTransitions.swift */; };
		AC87B7E425939E5A0057DD1F /* NewsTableViewController.swift in Sources */ = {isa = PBXBuildFile; fileRef = AC87B7E325939E5A0057DD1F /* NewsTableViewController.swift */; };
		AC87B7E825939E890057DD1F /* NewsTableViewCell.swift in Sources */ = {isa = PBXBuildFile; fileRef = AC87B7E725939E890057DD1F /* NewsTableViewCell.swift */; };
		AC87B7EB2593A1100057DD1F /* News.swift in Sources */ = {isa = PBXBuildFile; fileRef = AC87B7EA2593A1100057DD1F /* News.swift */; };
		ACA8029A257664CC00DC648A /* AppDelegate.swift in Sources */ = {isa = PBXBuildFile; fileRef = ACA80299257664CC00DC648A /* AppDelegate.swift */; };
		ACA8029C257664CC00DC648A /* SceneDelegate.swift in Sources */ = {isa = PBXBuildFile; fileRef = ACA8029B257664CC00DC648A /* SceneDelegate.swift */; };
		ACA802A1257664CC00DC648A /* Main.storyboard in Resources */ = {isa = PBXBuildFile; fileRef = ACA8029F257664CC00DC648A /* Main.storyboard */; };
		ACA802A3257664CD00DC648A /* Assets.xcassets in Resources */ = {isa = PBXBuildFile; fileRef = ACA802A2257664CD00DC648A /* Assets.xcassets */; };
		ACA802A6257664CD00DC648A /* LaunchScreen.storyboard in Resources */ = {isa = PBXBuildFile; fileRef = ACA802A4257664CD00DC648A /* LaunchScreen.storyboard */; };
		ACA802AF2576737D00DC648A /* LoginFormController.swift in Sources */ = {isa = PBXBuildFile; fileRef = ACA802AE2576737D00DC648A /* LoginFormController.swift */; };
		ACABA142258F5A99009D28BE /* LikeControl.swift in Sources */ = {isa = PBXBuildFile; fileRef = ACABA141258F5A99009D28BE /* LikeControl.swift */; };
		ACABA146258FBB8E009D28BE /* FriendsSectionHeader.swift in Sources */ = {isa = PBXBuildFile; fileRef = ACABA145258FBB8E009D28BE /* FriendsSectionHeader.swift */; };
		ACB0B2382586821A00838F34 /* Extensions.swift in Sources */ = {isa = PBXBuildFile; fileRef = ACB0B2372586821A00838F34 /* Extensions.swift */; };
		ACD311D125812B7D00A31DB9 /* User.swift in Sources */ = {isa = PBXBuildFile; fileRef = ACD311D025812B7D00A31DB9 /* User.swift */; };
		ACD311D525812B9400A31DB9 /* Group.swift in Sources */ = {isa = PBXBuildFile; fileRef = ACD311D425812B9400A31DB9 /* Group.swift */; };
		ACD311D825812D4F00A31DB9 /* MyGroupsTableViewController.swift in Sources */ = {isa = PBXBuildFile; fileRef = ACD311D725812D4F00A31DB9 /* MyGroupsTableViewController.swift */; };
		ACD311DB25812D7800A31DB9 /* GroupCell.swift in Sources */ = {isa = PBXBuildFile; fileRef = ACD311DA25812D7800A31DB9 /* GroupCell.swift */; };
		ACD311DF25812DA700A31DB9 /* AllGroupsTableViewController.swift in Sources */ = {isa = PBXBuildFile; fileRef = ACD311DE25812DA700A31DB9 /* AllGroupsTableViewController.swift */; };
		ACD311E32581317E00A31DB9 /* FriendCollectionViewCell.swift in Sources */ = {isa = PBXBuildFile; fileRef = ACD311E22581317E00A31DB9 /* FriendCollectionViewCell.swift */; };
		ACE16402259DC51100703581 /* FullPhotoViewController.swift in Sources */ = {isa = PBXBuildFile; fileRef = ACE16401259DC51100703581 /* FullPhotoViewController.swift */; };
/* End PBXBuildFile section */

/* Begin PBXFileReference section */
		AC2164FB25972B8000E0B2BF /* LoadingDots.swift */ = {isa = PBXFileReference; lastKnownFileType = sourcecode.swift; path = LoadingDots.swift; sourceTree = "<group>"; };
		AC2E5277257FFD29000F4B7D /* FriendsTableViewController.swift */ = {isa = PBXFileReference; lastKnownFileType = sourcecode.swift; path = FriendsTableViewController.swift; sourceTree = "<group>"; };
		AC2E527A257FFD8F000F4B7D /* FriendCell.swift */ = {isa = PBXFileReference; lastKnownFileType = sourcecode.swift; path = FriendCell.swift; sourceTree = "<group>"; };
		AC2E528125800AE5000F4B7D /* FriendCollectionViewController.swift */ = {isa = PBXFileReference; lastKnownFileType = sourcecode.swift; path = FriendCollectionViewController.swift; sourceTree = "<group>"; };
		AC550D472583DE4F00255250 /* Avatar.swift */ = {isa = PBXFileReference; lastKnownFileType = sourcecode.swift; path = Avatar.swift; sourceTree = "<group>"; };
		AC6B102425AE044D00689A64 /* Session.swift */ = {isa = PBXFileReference; lastKnownFileType = sourcecode.swift; path = Session.swift; sourceTree = "<group>"; };
		AC8655A025A5E32D000FF568 /* CustomNavigationController.swift */ = {isa = PBXFileReference; lastKnownFileType = sourcecode.swift; path = CustomNavigationController.swift; sourceTree = "<group>"; };
		AC8655A325A5E45F000FF568 /* CustomNavigationControllerTransitions.swift */ = {isa = PBXFileReference; lastKnownFileType = sourcecode.swift; path = CustomNavigationControllerTransitions.swift; sourceTree = "<group>"; };
		AC87B7E325939E5A0057DD1F /* NewsTableViewController.swift */ = {isa = PBXFileReference; lastKnownFileType = sourcecode.swift; path = NewsTableViewController.swift; sourceTree = "<group>"; };
		AC87B7E725939E890057DD1F /* NewsTableViewCell.swift */ = {isa = PBXFileReference; lastKnownFileType = sourcecode.swift; path = NewsTableViewCell.swift; sourceTree = "<group>"; };
		AC87B7EA2593A1100057DD1F /* News.swift */ = {isa = PBXFileReference; lastKnownFileType = sourcecode.swift; path = News.swift; sourceTree = "<group>"; };
		ACA80296257664CC00DC648A /* Curs2.app */ = {isa = PBXFileReference; explicitFileType = wrapper.application; includeInIndex = 0; path = Curs2.app; sourceTree = BUILT_PRODUCTS_DIR; };
		ACA80299257664CC00DC648A /* AppDelegate.swift */ = {isa = PBXFileReference; lastKnownFileType = sourcecode.swift; path = AppDelegate.swift; sourceTree = "<group>"; };
		ACA8029B257664CC00DC648A /* SceneDelegate.swift */ = {isa = PBXFileReference; lastKnownFileType = sourcecode.swift; path = SceneDelegate.swift; sourceTree = "<group>"; };
		ACA802A0257664CC00DC648A /* Base */ = {isa = PBXFileReference; lastKnownFileType = file.storyboard; name = Base; path = Base.lproj/Main.storyboard; sourceTree = "<group>"; };
		ACA802A2257664CD00DC648A /* Assets.xcassets */ = {isa = PBXFileReference; lastKnownFileType = folder.assetcatalog; path = Assets.xcassets; sourceTree = "<group>"; };
		ACA802A5257664CD00DC648A /* Base */ = {isa = PBXFileReference; lastKnownFileType = file.storyboard; name = Base; path = Base.lproj/LaunchScreen.storyboard; sourceTree = "<group>"; };
		ACA802A7257664CD00DC648A /* Info.plist */ = {isa = PBXFileReference; lastKnownFileType = text.plist.xml; path = Info.plist; sourceTree = "<group>"; };
		ACA802AE2576737D00DC648A /* LoginFormController.swift */ = {isa = PBXFileReference; lastKnownFileType = sourcecode.swift; path = LoginFormController.swift; sourceTree = "<group>"; };
		ACABA141258F5A99009D28BE /* LikeControl.swift */ = {isa = PBXFileReference; lastKnownFileType = sourcecode.swift; path = LikeControl.swift; sourceTree = "<group>"; };
		ACABA145258FBB8E009D28BE /* FriendsSectionHeader.swift */ = {isa = PBXFileReference; lastKnownFileType = sourcecode.swift; path = FriendsSectionHeader.swift; sourceTree = "<group>"; };
		ACB0B2372586821A00838F34 /* Extensions.swift */ = {isa = PBXFileReference; lastKnownFileType = sourcecode.swift; path = Extensions.swift; sourceTree = "<group>"; };
		ACD311D025812B7D00A31DB9 /* User.swift */ = {isa = PBXFileReference; lastKnownFileType = sourcecode.swift; path = User.swift; sourceTree = "<group>"; };
		ACD311D425812B9400A31DB9 /* Group.swift */ = {isa = PBXFileReference; lastKnownFileType = sourcecode.swift; path = Group.swift; sourceTree = "<group>"; };
		ACD311D725812D4F00A31DB9 /* MyGroupsTableViewController.swift */ = {isa = PBXFileReference; lastKnownFileType = sourcecode.swift; path = MyGroupsTableViewController.swift; sourceTree = "<group>"; };
		ACD311DA25812D7800A31DB9 /* GroupCell.swift */ = {isa = PBXFileReference; lastKnownFileType = sourcecode.swift; path = GroupCell.swift; sourceTree = "<group>"; };
		ACD311DE25812DA700A31DB9 /* AllGroupsTableViewController.swift */ = {isa = PBXFileReference; lastKnownFileType = sourcecode.swift; path = AllGroupsTableViewController.swift; sourceTree = "<group>"; };
		ACD311E22581317E00A31DB9 /* FriendCollectionViewCell.swift */ = {isa = PBXFileReference; lastKnownFileType = sourcecode.swift; path = FriendCollectionViewCell.swift; sourceTree = "<group>"; };
		ACE16401259DC51100703581 /* FullPhotoViewController.swift */ = {isa = PBXFileReference; lastKnownFileType = sourcecode.swift; path = FullPhotoViewController.swift; sourceTree = "<group>"; };
/* End PBXFileReference section */

/* Begin PBXFrameworksBuildPhase section */
		ACA80293257664CC00DC648A /* Frameworks */ = {
			isa = PBXFrameworksBuildPhase;
			buildActionMask = 2147483647;
			files = (
			);
			runOnlyForDeploymentPostprocessing = 0;
		};
/* End PBXFrameworksBuildPhase section */

/* Begin PBXGroup section */
		AC2E5274257FFB36000F4B7D /* Friends */ = {
			isa = PBXGroup;
			children = (
				AC2E5277257FFD29000F4B7D /* FriendsTableViewController.swift */,
				AC2E527A257FFD8F000F4B7D /* FriendCell.swift */,
				AC2E528125800AE5000F4B7D /* FriendCollectionViewController.swift */,
				ACD311E22581317E00A31DB9 /* FriendCollectionViewCell.swift */,
				ACABA145258FBB8E009D28BE /* FriendsSectionHeader.swift */,
				ACE16401259DC51100703581 /* FullPhotoViewController.swift */,
			);
			path = Friends;
			sourceTree = "<group>";
		};
		AC2E5275257FFB4E000F4B7D /* Groups */ = {
			isa = PBXGroup;
			children = (
				ACD311D725812D4F00A31DB9 /* MyGroupsTableViewController.swift */,
				ACD311DA25812D7800A31DB9 /* GroupCell.swift */,
				ACD311DE25812DA700A31DB9 /* AllGroupsTableViewController.swift */,
			);
			path = Groups;
			sourceTree = "<group>";
		};
		AC86559F25A5E303000FF568 /* NavigationController */ = {
			isa = PBXGroup;
			children = (
				AC8655A025A5E32D000FF568 /* CustomNavigationController.swift */,
				AC8655A325A5E45F000FF568 /* CustomNavigationControllerTransitions.swift */,
			);
			path = NavigationController;
			sourceTree = "<group>";
		};
		AC87B7E225939E350057DD1F /* News */ = {
			isa = PBXGroup;
			children = (
				AC87B7E325939E5A0057DD1F /* NewsTableViewController.swift */,
				AC87B7E725939E890057DD1F /* NewsTableViewCell.swift */,
			);
			path = News;
			sourceTree = "<group>";
		};
		ACA8028D257664CC00DC648A = {
			isa = PBXGroup;
			children = (
				ACA80298257664CC00DC648A /* Curs2 */,
				ACA80297257664CC00DC648A /* Products */,
			);
			sourceTree = "<group>";
		};
		ACA80297257664CC00DC648A /* Products */ = {
			isa = PBXGroup;
			children = (
				ACA80296257664CC00DC648A /* Curs2.app */,
			);
			name = Products;
			sourceTree = "<group>";
		};
		ACA80298257664CC00DC648A /* Curs2 */ = {
			isa = PBXGroup;
			children = (
				AC86559F25A5E303000FF568 /* NavigationController */,
				AC87B7E225939E350057DD1F /* News */,
				ACABA140258F59D0009D28BE /* Controls */,
				ACD311CF25812AEF00A31DB9 /* Model */,
				AC2E5275257FFB4E000F4B7D /* Groups */,
				AC2E5274257FFB36000F4B7D /* Friends */,
				ACA802AE2576737D00DC648A /* LoginFormController.swift */,
				ACA80299257664CC00DC648A /* AppDelegate.swift */,
				ACA8029B257664CC00DC648A /* SceneDelegate.swift */,
				ACA8029F257664CC00DC648A /* Main.storyboard */,
				ACA802A2257664CD00DC648A /* Assets.xcassets */,
				ACA802A4257664CD00DC648A /* LaunchScreen.storyboard */,
				ACA802A7257664CD00DC648A /* Info.plist */,
				AC2164FB25972B8000E0B2BF /* LoadingDots.swift */,
			);
			path = Curs2;
			sourceTree = "<group>";
		};
		ACABA140258F59D0009D28BE /* Controls */ = {
			isa = PBXGroup;
			children = (
				ACABA141258F5A99009D28BE /* LikeControl.swift */,
			);
			path = Controls;
			sourceTree = "<group>";
		};
		ACD311CF25812AEF00A31DB9 /* Model */ = {
			isa = PBXGroup;
			children = (
				ACD311D025812B7D00A31DB9 /* User.swift */,
				ACD311D425812B9400A31DB9 /* Group.swift */,
				AC550D472583DE4F00255250 /* Avatar.swift */,
				ACB0B2372586821A00838F34 /* Extensions.swift */,
				AC87B7EA2593A1100057DD1F /* News.swift */,
				AC6B102425AE044D00689A64 /* Session.swift */,
			);
			path = Model;
			sourceTree = "<group>";
		};
/* End PBXGroup section */

/* Begin PBXNativeTarget section */
		ACA80295257664CC00DC648A /* Curs2 */ = {
			isa = PBXNativeTarget;
			buildConfigurationList = ACA802AA257664CD00DC648A /* Build configuration list for PBXNativeTarget "Curs2" */;
			buildPhases = (
				ACA80292257664CC00DC648A /* Sources */,
				ACA80293257664CC00DC648A /* Frameworks */,
				ACA80294257664CC00DC648A /* Resources */,
			);
			buildRules = (
			);
			dependencies = (
			);
			name = Curs2;
			productName = Curs2;
			productReference = ACA80296257664CC00DC648A /* Curs2.app */;
			productType = "com.apple.product-type.application";
		};
/* End PBXNativeTarget section */

/* Begin PBXProject section */
		ACA8028E257664CC00DC648A /* Project object */ = {
			isa = PBXProject;
			attributes = {
				LastSwiftUpdateCheck = 1220;
				LastUpgradeCheck = 1220;
				TargetAttributes = {
					ACA80295257664CC00DC648A = {
						CreatedOnToolsVersion = 12.2;
					};
				};
			};
			buildConfigurationList = ACA80291257664CC00DC648A /* Build configuration list for PBXProject "Curs2" */;
			compatibilityVersion = "Xcode 9.3";
			developmentRegion = en;
			hasScannedForEncodings = 0;
			knownRegions = (
				en,
				Base,
			);
			mainGroup = ACA8028D257664CC00DC648A;
			productRefGroup = ACA80297257664CC00DC648A /* Products */;
			projectDirPath = "";
			projectRoot = "";
			targets = (
				ACA80295257664CC00DC648A /* Curs2 */,
			);
		};
/* End PBXProject section */

/* Begin PBXResourcesBuildPhase section */
		ACA80294257664CC00DC648A /* Resources */ = {
			isa = PBXResourcesBuildPhase;
			buildActionMask = 2147483647;
			files = (
				ACA802A6257664CD00DC648A /* LaunchScreen.storyboard in Resources */,
				ACA802A3257664CD00DC648A /* Assets.xcassets in Resources */,
				ACA802A1257664CC00DC648A /* Main.storyboard in Resources */,
			);
			runOnlyForDeploymentPostprocessing = 0;
		};
/* End PBXResourcesBuildPhase section */

/* Begin PBXSourcesBuildPhase section */
		ACA80292257664CC00DC648A /* Sources */ = {
			isa = PBXSourcesBuildPhase;
			buildActionMask = 2147483647;
			files = (
				AC8655A125A5E32D000FF568 /* CustomNavigationController.swift in Sources */,
				ACD311E32581317E00A31DB9 /* FriendCollectionViewCell.swift in Sources */,
				ACA802AF2576737D00DC648A /* LoginFormController.swift in Sources */,
				ACD311D825812D4F00A31DB9 /* MyGroupsTableViewController.swift in Sources */,
				AC87B7E425939E5A0057DD1F /* NewsTableViewController.swift in Sources */,
				AC2164FC25972B8000E0B2BF /* LoadingDots.swift in Sources */,
				ACA8029A257664CC00DC648A /* AppDelegate.swift in Sources */,
				AC2E5278257FFD29000F4B7D /* FriendsTableViewController.swift in Sources */,
				AC87B7EB2593A1100057DD1F /* News.swift in Sources */,
				AC8655A425A5E45F000FF568 /* CustomNavigationControllerTransitions.swift in Sources */,
				ACD311DF25812DA700A31DB9 /* AllGroupsTableViewController.swift in Sources */,
				ACD311D525812B9400A31DB9 /* Group.swift in Sources */,
				AC87B7E825939E890057DD1F /* NewsTableViewCell.swift in Sources */,
				ACABA142258F5A99009D28BE /* LikeControl.swift in Sources */,
				ACE16402259DC51100703581 /* FullPhotoViewController.swift in Sources */,
				ACD311DB25812D7800A31DB9 /* GroupCell.swift in Sources */,
				AC550D482583DE4F00255250 /* Avatar.swift in Sources */,
				ACA8029C257664CC00DC648A /* SceneDelegate.swift in Sources */,
				AC2E528225800AE5000F4B7D /* FriendCollectionViewController.swift in Sources */,
				AC2E527B257FFD8F000F4B7D /* FriendCell.swift in Sources */,
				AC6B102525AE044D00689A64 /* Session.swift in Sources */,
				ACD311D125812B7D00A31DB9 /* User.swift in Sources */,
				ACABA146258FBB8E009D28BE /* FriendsSectionHeader.swift in Sources */,
				ACB0B2382586821A00838F34 /* Extensions.swift in Sources */,
			);
			runOnlyForDeploymentPostprocessing = 0;
		};
/* End PBXSourcesBuildPhase section */

/* Begin PBXVariantGroup section */
		ACA8029F257664CC00DC648A /* Main.storyboard */ = {
			isa = PBXVariantGroup;
			children = (
				ACA802A0257664CC00DC648A /* Base */,
			);
			name = Main.storyboard;
			sourceTree = "<group>";
		};
		ACA802A4257664CD00DC648A /* LaunchScreen.storyboard */ = {
			isa = PBXVariantGroup;
			children = (
				ACA802A5257664CD00DC648A /* Base */,
			);
			name = LaunchScreen.storyboard;
			sourceTree = "<group>";
		};
/* End PBXVariantGroup section */

/* Begin XCBuildConfiguration section */
		ACA802A8257664CD00DC648A /* Debug */ = {
			isa = XCBuildConfiguration;
			buildSettings = {
				ALWAYS_SEARCH_USER_PATHS = NO;
				CLANG_ANALYZER_NONNULL = YES;
				CLANG_ANALYZER_NUMBER_OBJECT_CONVERSION = YES_AGGRESSIVE;
				CLANG_CXX_LANGUAGE_STANDARD = "gnu++14";
				CLANG_CXX_LIBRARY = "libc++";
				CLANG_ENABLE_MODULES = YES;
				CLANG_ENABLE_OBJC_ARC = YES;
				CLANG_ENABLE_OBJC_WEAK = YES;
				CLANG_WARN_BLOCK_CAPTURE_AUTORELEASING = YES;
				CLANG_WARN_BOOL_CONVERSION = YES;
				CLANG_WARN_COMMA = YES;
				CLANG_WARN_CONSTANT_CONVERSION = YES;
				CLANG_WARN_DEPRECATED_OBJC_IMPLEMENTATIONS = YES;
				CLANG_WARN_DIRECT_OBJC_ISA_USAGE = YES_ERROR;
				CLANG_WARN_DOCUMENTATION_COMMENTS = YES;
				CLANG_WARN_EMPTY_BODY = YES;
				CLANG_WARN_ENUM_CONVERSION = YES;
				CLANG_WARN_INFINITE_RECURSION = YES;
				CLANG_WARN_INT_CONVERSION = YES;
				CLANG_WARN_NON_LITERAL_NULL_CONVERSION = YES;
				CLANG_WARN_OBJC_IMPLICIT_RETAIN_SELF = YES;
				CLANG_WARN_OBJC_LITERAL_CONVERSION = YES;
				CLANG_WARN_OBJC_ROOT_CLASS = YES_ERROR;
				CLANG_WARN_QUOTED_INCLUDE_IN_FRAMEWORK_HEADER = YES;
				CLANG_WARN_RANGE_LOOP_ANALYSIS = YES;
				CLANG_WARN_STRICT_PROTOTYPES = YES;
				CLANG_WARN_SUSPICIOUS_MOVE = YES;
				CLANG_WARN_UNGUARDED_AVAILABILITY = YES_AGGRESSIVE;
				CLANG_WARN_UNREACHABLE_CODE = YES;
				CLANG_WARN__DUPLICATE_METHOD_MATCH = YES;
				COPY_PHASE_STRIP = NO;
				DEBUG_INFORMATION_FORMAT = dwarf;
				ENABLE_STRICT_OBJC_MSGSEND = YES;
				ENABLE_TESTABILITY = YES;
				GCC_C_LANGUAGE_STANDARD = gnu11;
				GCC_DYNAMIC_NO_PIC = NO;
				GCC_NO_COMMON_BLOCKS = YES;
				GCC_OPTIMIZATION_LEVEL = 0;
				GCC_PREPROCESSOR_DEFINITIONS = (
					"DEBUG=1",
					"$(inherited)",
				);
				GCC_WARN_64_TO_32_BIT_CONVERSION = YES;
				GCC_WARN_ABOUT_RETURN_TYPE = YES_ERROR;
				GCC_WARN_UNDECLARED_SELECTOR = YES;
				GCC_WARN_UNINITIALIZED_AUTOS = YES_AGGRESSIVE;
				GCC_WARN_UNUSED_FUNCTION = YES;
				GCC_WARN_UNUSED_VARIABLE = YES;
				IPHONEOS_DEPLOYMENT_TARGET = 14.2;
				MTL_ENABLE_DEBUG_INFO = INCLUDE_SOURCE;
				MTL_FAST_MATH = YES;
				ONLY_ACTIVE_ARCH = YES;
				SDKROOT = iphoneos;
				SWIFT_ACTIVE_COMPILATION_CONDITIONS = DEBUG;
				SWIFT_OPTIMIZATION_LEVEL = "-Onone";
			};
			name = Debug;
		};
		ACA802A9257664CD00DC648A /* Release */ = {
			isa = XCBuildConfiguration;
			buildSettings = {
				ALWAYS_SEARCH_USER_PATHS = NO;
				CLANG_ANALYZER_NONNULL = YES;
				CLANG_ANALYZER_NUMBER_OBJECT_CONVERSION = YES_AGGRESSIVE;
				CLANG_CXX_LANGUAGE_STANDARD = "gnu++14";
				CLANG_CXX_LIBRARY = "libc++";
				CLANG_ENABLE_MODULES = YES;
				CLANG_ENABLE_OBJC_ARC = YES;
				CLANG_ENABLE_OBJC_WEAK = YES;
				CLANG_WARN_BLOCK_CAPTURE_AUTORELEASING = YES;
				CLANG_WARN_BOOL_CONVERSION = YES;
				CLANG_WARN_COMMA = YES;
				CLANG_WARN_CONSTANT_CONVERSION = YES;
				CLANG_WARN_DEPRECATED_OBJC_IMPLEMENTATIONS = YES;
				CLANG_WARN_DIRECT_OBJC_ISA_USAGE = YES_ERROR;
				CLANG_WARN_DOCUMENTATION_COMMENTS = YES;
				CLANG_WARN_EMPTY_BODY = YES;
				CLANG_WARN_ENUM_CONVERSION = YES;
				CLANG_WARN_INFINITE_RECURSION = YES;
				CLANG_WARN_INT_CONVERSION = YES;
				CLANG_WARN_NON_LITERAL_NULL_CONVERSION = YES;
				CLANG_WARN_OBJC_IMPLICIT_RETAIN_SELF = YES;
				CLANG_WARN_OBJC_LITERAL_CONVERSION = YES;
				CLANG_WARN_OBJC_ROOT_CLASS = YES_ERROR;
				CLANG_WARN_QUOTED_INCLUDE_IN_FRAMEWORK_HEADER = YES;
				CLANG_WARN_RANGE_LOOP_ANALYSIS = YES;
				CLANG_WARN_STRICT_PROTOTYPES = YES;
				CLANG_WARN_SUSPICIOUS_MOVE = YES;
				CLANG_WARN_UNGUARDED_AVAILABILITY = YES_AGGRESSIVE;
				CLANG_WARN_UNREACHABLE_CODE = YES;
				CLANG_WARN__DUPLICATE_METHOD_MATCH = YES;
				COPY_PHASE_STRIP = NO;
				DEBUG_INFORMATION_FORMAT = "dwarf-with-dsym";
				ENABLE_NS_ASSERTIONS = NO;
				ENABLE_STRICT_OBJC_MSGSEND = YES;
				GCC_C_LANGUAGE_STANDARD = gnu11;
				GCC_NO_COMMON_BLOCKS = YES;
				GCC_WARN_64_TO_32_BIT_CONVERSION = YES;
				GCC_WARN_ABOUT_RETURN_TYPE = YES_ERROR;
				GCC_WARN_UNDECLARED_SELECTOR = YES;
				GCC_WARN_UNINITIALIZED_AUTOS = YES_AGGRESSIVE;
				GCC_WARN_UNUSED_FUNCTION = YES;
				GCC_WARN_UNUSED_VARIABLE = YES;
				IPHONEOS_DEPLOYMENT_TARGET = 14.2;
				MTL_ENABLE_DEBUG_INFO = NO;
				MTL_FAST_MATH = YES;
				SDKROOT = iphoneos;
				SWIFT_COMPILATION_MODE = wholemodule;
				SWIFT_OPTIMIZATION_LEVEL = "-O";
				VALIDATE_PRODUCT = YES;
			};
			name = Release;
		};
		ACA802AB257664CD00DC648A /* Debug */ = {
			isa = XCBuildConfiguration;
			buildSettings = {
				ASSETCATALOG_COMPILER_APPICON_NAME = AppIcon;
				ASSETCATALOG_COMPILER_GLOBAL_ACCENT_COLOR_NAME = AccentColor;
				CODE_SIGN_STYLE = Automatic;
				DEVELOPMENT_TEAM = 2NNAXW3732;
				INFOPLIST_FILE = Curs2/Info.plist;
				LD_RUNPATH_SEARCH_PATHS = (
					"$(inherited)",
					"@executable_path/Frameworks",
				);
				PRODUCT_BUNDLE_IDENTIFIER = Artem.Curs2;
				PRODUCT_NAME = "$(TARGET_NAME)";
				SWIFT_VERSION = 5.0;
				TARGETED_DEVICE_FAMILY = "1,2";
			};
			name = Debug;
		};
		ACA802AC257664CD00DC648A /* Release */ = {
			isa = XCBuildConfiguration;
			buildSettings = {
				ASSETCATALOG_COMPILER_APPICON_NAME = AppIcon;
				ASSETCATALOG_COMPILER_GLOBAL_ACCENT_COLOR_NAME = AccentColor;
				CODE_SIGN_STYLE = Automatic;
				DEVELOPMENT_TEAM = 2NNAXW3732;
				INFOPLIST_FILE = Curs2/Info.plist;
				LD_RUNPATH_SEARCH_PATHS = (
					"$(inherited)",
					"@executable_path/Frameworks",
				);
				PRODUCT_BUNDLE_IDENTIFIER = Artem.Curs2;
				PRODUCT_NAME = "$(TARGET_NAME)";
				SWIFT_VERSION = 5.0;
				TARGETED_DEVICE_FAMILY = "1,2";
			};
			name = Release;
		};
/* End XCBuildConfiguration section */

/* Begin XCConfigurationList section */
		ACA80291257664CC00DC648A /* Build configuration list for PBXProject "Curs2" */ = {
			isa = XCConfigurationList;
			buildConfigurations = (
				ACA802A8257664CD00DC648A /* Debug */,
				ACA802A9257664CD00DC648A /* Release */,
			);
			defaultConfigurationIsVisible = 0;
			defaultConfigurationName = Release;
		};
		ACA802AA257664CD00DC648A /* Build configuration list for PBXNativeTarget "Curs2" */ = {
			isa = XCConfigurationList;
			buildConfigurations = (
				ACA802AB257664CD00DC648A /* Debug */,
				ACA802AC257664CD00DC648A /* Release */,
			);
			defaultConfigurationIsVisible = 0;
			defaultConfigurationName = Release;
		};
/* End XCConfigurationList section */
	};
	rootObject = ACA8028E257664CC00DC648A /* Project object */;
}
