// !$*UTF8*$!
{
	archiveVersion = 1;
	classes = {
	};
	objectVersion = 51;
	objects = {

/* Begin PBXBuildFile section */
		364178DF2F2CCF5C1509F0C6 /* Pods_Curs2.framework in Frameworks */ = {isa = PBXBuildFile; fileRef = D90FB6CDADD6DE28325D379F /* Pods_Curs2.framework */; };
		AC0D7F2B25EEB95100878536 /* PostTableViewCell.swift in Sources */ = {isa = PBXBuildFile; fileRef = AC0D7F2925EEB95100878536 /* PostTableViewCell.swift */; };
		AC0D7F2C25EEB95100878536 /* PostTableViewCell.xib in Resources */ = {isa = PBXBuildFile; fileRef = AC0D7F2A25EEB95100878536 /* PostTableViewCell.xib */; };
		AC10AE5025B8A9E500B98471 /* Photo.swift in Sources */ = {isa = PBXBuildFile; fileRef = AC10AE4F25B8A9E500B98471 /* Photo.swift */; };
		AC1B651B26590CA50027C3C5 /* GroupParsingOperation.swift in Sources */ = {isa = PBXBuildFile; fileRef = AC1B651A26590CA50027C3C5 /* GroupParsingOperation.swift */; };
		AC1B651D26590D290027C3C5 /* VKModelProtocol.swift in Sources */ = {isa = PBXBuildFile; fileRef = AC1B651C26590D290027C3C5 /* VKModelProtocol.swift */; };
		AC2164FC25972B8000E0B2BF /* LoadingDots.swift in Sources */ = {isa = PBXBuildFile; fileRef = AC2164FB25972B8000E0B2BF /* LoadingDots.swift */; };
		AC2E5278257FFD29000F4B7D /* FriendsTableViewController.swift in Sources */ = {isa = PBXBuildFile; fileRef = AC2E5277257FFD29000F4B7D /* FriendsTableViewController.swift */; };
		AC2E527B257FFD8F000F4B7D /* FriendCell.swift in Sources */ = {isa = PBXBuildFile; fileRef = AC2E527A257FFD8F000F4B7D /* FriendCell.swift */; };
		AC2E528225800AE5000F4B7D /* FriendCollectionViewController.swift in Sources */ = {isa = PBXBuildFile; fileRef = AC2E528125800AE5000F4B7D /* FriendCollectionViewController.swift */; };
		AC35038625B31CFE003DE006 /* NetworkService.swift in Sources */ = {isa = PBXBuildFile; fileRef = AC35038525B31CFE003DE006 /* NetworkService.swift */; };
		AC497F3525FCDA0700247CF5 /* PhotoTableViewCell.swift in Sources */ = {isa = PBXBuildFile; fileRef = AC497F3325FCDA0700247CF5 /* PhotoTableViewCell.swift */; };
		AC497F3625FCDA0700247CF5 /* PhotoTableViewCell.xib in Resources */ = {isa = PBXBuildFile; fileRef = AC497F3425FCDA0700247CF5 /* PhotoTableViewCell.xib */; };
		AC497F3A25FCDE7B00247CF5 /* Attachment.swift in Sources */ = {isa = PBXBuildFile; fileRef = AC497F3925FCDE7B00247CF5 /* Attachment.swift */; };
		AC521B61260739FC00F4325D /* PhotoService.swift in Sources */ = {isa = PBXBuildFile; fileRef = AC521B60260739FC00F4325D /* PhotoService.swift */; };
		AC54360525C68E49009468E2 /* ReamService.swift in Sources */ = {isa = PBXBuildFile; fileRef = AC54360425C68E49009468E2 /* ReamService.swift */; };
		AC550D482583DE4F00255250 /* Avatar.swift in Sources */ = {isa = PBXBuildFile; fileRef = AC550D472583DE4F00255250 /* Avatar.swift */; };
		AC6B102525AE044D00689A64 /* Session.swift in Sources */ = {isa = PBXBuildFile; fileRef = AC6B102425AE044D00689A64 /* Session.swift */; };
		AC82554F25C9B85F00929CB6 /* UITableView+Ext.swift in Sources */ = {isa = PBXBuildFile; fileRef = AC82554E25C9B85F00929CB6 /* UITableView+Ext.swift */; };
		AC82555225C9B9FC00929CB6 /* UIViewController+Ext.swift in Sources */ = {isa = PBXBuildFile; fileRef = AC82555125C9B9FC00929CB6 /* UIViewController+Ext.swift */; };
		AC82555525C9BBD100929CB6 /* UIImageView+Ext.swift in Sources */ = {isa = PBXBuildFile; fileRef = AC82555425C9BBD100929CB6 /* UIImageView+Ext.swift */; };
		AC8655A125A5E32D000FF568 /* CustomNavigationController.swift in Sources */ = {isa = PBXBuildFile; fileRef = AC8655A025A5E32D000FF568 /* CustomNavigationController.swift */; };
		AC8655A425A5E45F000FF568 /* CustomNavigationControllerTransitions.swift in Sources */ = {isa = PBXBuildFile; fileRef = AC8655A325A5E45F000FF568 /* CustomNavigationControllerTransitions.swift */; };
		AC87B7E425939E5A0057DD1F /* NewsTableViewController.swift in Sources */ = {isa = PBXBuildFile; fileRef = AC87B7E325939E5A0057DD1F /* NewsTableViewController.swift */; };
		AC87B7E825939E890057DD1F /* NewsTableViewCell.swift in Sources */ = {isa = PBXBuildFile; fileRef = AC87B7E725939E890057DD1F /* NewsTableViewCell.swift */; };
		AC87B7EB2593A1100057DD1F /* News.swift in Sources */ = {isa = PBXBuildFile; fileRef = AC87B7EA2593A1100057DD1F /* News.swift */; };
		AC8B89DB267F3EBC00189BAB /* UIColor+Ext.swift in Sources */ = {isa = PBXBuildFile; fileRef = AC8B89DA267F3EBC00189BAB /* UIColor+Ext.swift */; };
		AC8B89DF267F4F2C00189BAB /* PostHeaderDisplayItem.swift in Sources */ = {isa = PBXBuildFile; fileRef = AC8B89DE267F4F2C00189BAB /* PostHeaderDisplayItem.swift */; };
		AC8B89E2267F4F6800189BAB /* PostHeaderDisplayItemFactory.swift in Sources */ = {isa = PBXBuildFile; fileRef = AC8B89E1267F4F6800189BAB /* PostHeaderDisplayItemFactory.swift */; };
		AC9C28EB25B3226A00A7FC1A /* VKLoginViewController.swift in Sources */ = {isa = PBXBuildFile; fileRef = AC9C28EA25B3226A00A7FC1A /* VKLoginViewController.swift */; };
		ACA8029A257664CC00DC648A /* AppDelegate.swift in Sources */ = {isa = PBXBuildFile; fileRef = ACA80299257664CC00DC648A /* AppDelegate.swift */; };
		ACA8029C257664CC00DC648A /* SceneDelegate.swift in Sources */ = {isa = PBXBuildFile; fileRef = ACA8029B257664CC00DC648A /* SceneDelegate.swift */; };
		ACA802A1257664CC00DC648A /* Main.storyboard in Resources */ = {isa = PBXBuildFile; fileRef = ACA8029F257664CC00DC648A /* Main.storyboard */; };
		ACA802A3257664CD00DC648A /* Assets.xcassets in Resources */ = {isa = PBXBuildFile; fileRef = ACA802A2257664CD00DC648A /* Assets.xcassets */; };
		ACA802A6257664CD00DC648A /* LaunchScreen.storyboard in Resources */ = {isa = PBXBuildFile; fileRef = ACA802A4257664CD00DC648A /* LaunchScreen.storyboard */; };
		ACA802AF2576737D00DC648A /* LoginFormController.swift in Sources */ = {isa = PBXBuildFile; fileRef = ACA802AE2576737D00DC648A /* LoginFormController.swift */; };
		ACABA142258F5A99009D28BE /* LikeControl.swift in Sources */ = {isa = PBXBuildFile; fileRef = ACABA141258F5A99009D28BE /* LikeControl.swift */; };
		ACABA146258FBB8E009D28BE /* FriendsSectionHeader.swift in Sources */ = {isa = PBXBuildFile; fileRef = ACABA145258FBB8E009D28BE /* FriendsSectionHeader.swift */; };
		ACD311D125812B7D00A31DB9 /* User.swift in Sources */ = {isa = PBXBuildFile; fileRef = ACD311D025812B7D00A31DB9 /* User.swift */; };
		ACD311D525812B9400A31DB9 /* Group.swift in Sources */ = {isa = PBXBuildFile; fileRef = ACD311D425812B9400A31DB9 /* Group.swift */; };
		ACD311D825812D4F00A31DB9 /* MyGroupsTableViewController.swift in Sources */ = {isa = PBXBuildFile; fileRef = ACD311D725812D4F00A31DB9 /* MyGroupsTableViewController.swift */; };
		ACD311DB25812D7800A31DB9 /* GroupCell.swift in Sources */ = {isa = PBXBuildFile; fileRef = ACD311DA25812D7800A31DB9 /* GroupCell.swift */; };
		ACD311DF25812DA700A31DB9 /* AllGroupsTableViewController.swift in Sources */ = {isa = PBXBuildFile; fileRef = ACD311DE25812DA700A31DB9 /* AllGroupsTableViewController.swift */; };
		ACD311E32581317E00A31DB9 /* FriendCollectionViewCell.swift in Sources */ = {isa = PBXBuildFile; fileRef = ACD311E22581317E00A31DB9 /* FriendCollectionViewCell.swift */; };
		ACD31FE425EA714700DB002B /* Post.swift in Sources */ = {isa = PBXBuildFile; fileRef = ACD31FE325EA714700DB002B /* Post.swift */; };
		ACE16402259DC51100703581 /* FullPhotoViewController.swift in Sources */ = {isa = PBXBuildFile; fileRef = ACE16401259DC51100703581 /* FullPhotoViewController.swift */; };
		ACE508DD25EBA1C600D22E0E /* PostHeaderView.swift in Sources */ = {isa = PBXBuildFile; fileRef = ACE508DB25EBA1C600D22E0E /* PostHeaderView.swift */; };
		ACE508DE25EBA1C600D22E0E /* PostHeaderView.xib in Resources */ = {isa = PBXBuildFile; fileRef = ACE508DC25EBA1C600D22E0E /* PostHeaderView.xib */; };
		ACE508E425EBE63100D22E0E /* FooterTableViewCell.swift in Sources */ = {isa = PBXBuildFile; fileRef = ACE508E225EBE63100D22E0E /* FooterTableViewCell.swift */; };
		ACE508E525EBE63100D22E0E /* FooterTableViewCell.xib in Resources */ = {isa = PBXBuildFile; fileRef = ACE508E325EBE63100D22E0E /* FooterTableViewCell.xib */; };
		ACFE68D1269231F000A01D83 /* NetworkServiceProxy.swift in Sources */ = {isa = PBXBuildFile; fileRef = ACFE68D0269231F000A01D83 /* NetworkServiceProxy.swift */; };
/* End PBXBuildFile section */

/* Begin PBXFileReference section */
		933552D0AA3EFD7734DF29FE /* Pods-Curs2.debug.xcconfig */ = {isa = PBXFileReference; includeInIndex = 1; lastKnownFileType = text.xcconfig; name = "Pods-Curs2.debug.xcconfig"; path = "Target Support Files/Pods-Curs2/Pods-Curs2.debug.xcconfig"; sourceTree = "<group>"; };
		9E10102B6A10077E85281EE0 /* Pods-Curs2.release.xcconfig */ = {isa = PBXFileReference; includeInIndex = 1; lastKnownFileType = text.xcconfig; name = "Pods-Curs2.release.xcconfig"; path = "Target Support Files/Pods-Curs2/Pods-Curs2.release.xcconfig"; sourceTree = "<group>"; };
		AC0D7F2925EEB95100878536 /* PostTableViewCell.swift */ = {isa = PBXFileReference; lastKnownFileType = sourcecode.swift; path = PostTableViewCell.swift; sourceTree = "<group>"; };
		AC0D7F2A25EEB95100878536 /* PostTableViewCell.xib */ = {isa = PBXFileReference; lastKnownFileType = file.xib; path = PostTableViewCell.xib; sourceTree = "<group>"; };
		AC10AE4F25B8A9E500B98471 /* Photo.swift */ = {isa = PBXFileReference; lastKnownFileType = sourcecode.swift; path = Photo.swift; sourceTree = "<group>"; };
		AC1B651A26590CA50027C3C5 /* GroupParsingOperation.swift */ = {isa = PBXFileReference; lastKnownFileType = sourcecode.swift; path = GroupParsingOperation.swift; sourceTree = "<group>"; };
		AC1B651C26590D290027C3C5 /* VKModelProtocol.swift */ = {isa = PBXFileReference; lastKnownFileType = sourcecode.swift; path = VKModelProtocol.swift; sourceTree = "<group>"; };
		AC2164FB25972B8000E0B2BF /* LoadingDots.swift */ = {isa = PBXFileReference; lastKnownFileType = sourcecode.swift; path = LoadingDots.swift; sourceTree = "<group>"; };
		AC2E5277257FFD29000F4B7D /* FriendsTableViewController.swift */ = {isa = PBXFileReference; lastKnownFileType = sourcecode.swift; path = FriendsTableViewController.swift; sourceTree = "<group>"; };
		AC2E527A257FFD8F000F4B7D /* FriendCell.swift */ = {isa = PBXFileReference; lastKnownFileType = sourcecode.swift; path = FriendCell.swift; sourceTree = "<group>"; };
		AC2E528125800AE5000F4B7D /* FriendCollectionViewController.swift */ = {isa = PBXFileReference; lastKnownFileType = sourcecode.swift; path = FriendCollectionViewController.swift; sourceTree = "<group>"; };
		AC35038525B31CFE003DE006 /* NetworkService.swift */ = {isa = PBXFileReference; lastKnownFileType = sourcecode.swift; path = NetworkService.swift; sourceTree = "<group>"; };
		AC497F3325FCDA0700247CF5 /* PhotoTableViewCell.swift */ = {isa = PBXFileReference; lastKnownFileType = sourcecode.swift; path = PhotoTableViewCell.swift; sourceTree = "<group>"; };
		AC497F3425FCDA0700247CF5 /* PhotoTableViewCell.xib */ = {isa = PBXFileReference; lastKnownFileType = file.xib; path = PhotoTableViewCell.xib; sourceTree = "<group>"; };
		AC497F3925FCDE7B00247CF5 /* Attachment.swift */ = {isa = PBXFileReference; lastKnownFileType = sourcecode.swift; path = Attachment.swift; sourceTree = "<group>"; };
		AC521B60260739FC00F4325D /* PhotoService.swift */ = {isa = PBXFileReference; lastKnownFileType = sourcecode.swift; path = PhotoService.swift; sourceTree = "<group>"; };
		AC54360425C68E49009468E2 /* ReamService.swift */ = {isa = PBXFileReference; lastKnownFileType = sourcecode.swift; path = ReamService.swift; sourceTree = "<group>"; };
		AC550D472583DE4F00255250 /* Avatar.swift */ = {isa = PBXFileReference; lastKnownFileType = sourcecode.swift; path = Avatar.swift; sourceTree = "<group>"; };
		AC6B102425AE044D00689A64 /* Session.swift */ = {isa = PBXFileReference; lastKnownFileType = sourcecode.swift; path = Session.swift; sourceTree = "<group>"; };
		AC82554E25C9B85F00929CB6 /* UITableView+Ext.swift */ = {isa = PBXFileReference; lastKnownFileType = sourcecode.swift; path = "UITableView+Ext.swift"; sourceTree = "<group>"; };
		AC82555125C9B9FC00929CB6 /* UIViewController+Ext.swift */ = {isa = PBXFileReference; lastKnownFileType = sourcecode.swift; path = "UIViewController+Ext.swift"; sourceTree = "<group>"; };
		AC82555425C9BBD100929CB6 /* UIImageView+Ext.swift */ = {isa = PBXFileReference; lastKnownFileType = sourcecode.swift; path = "UIImageView+Ext.swift"; sourceTree = "<group>"; };
		AC8655A025A5E32D000FF568 /* CustomNavigationController.swift */ = {isa = PBXFileReference; lastKnownFileType = sourcecode.swift; path = CustomNavigationController.swift; sourceTree = "<group>"; };
		AC8655A325A5E45F000FF568 /* CustomNavigationControllerTransitions.swift */ = {isa = PBXFileReference; lastKnownFileType = sourcecode.swift; path = CustomNavigationControllerTransitions.swift; sourceTree = "<group>"; };
		AC87B7E325939E5A0057DD1F /* NewsTableViewController.swift */ = {isa = PBXFileReference; lastKnownFileType = sourcecode.swift; path = NewsTableViewController.swift; sourceTree = "<group>"; };
		AC87B7E725939E890057DD1F /* NewsTableViewCell.swift */ = {isa = PBXFileReference; lastKnownFileType = sourcecode.swift; path = NewsTableViewCell.swift; sourceTree = "<group>"; };
		AC87B7EA2593A1100057DD1F /* News.swift */ = {isa = PBXFileReference; lastKnownFileType = sourcecode.swift; path = News.swift; sourceTree = "<group>"; };
		AC8B89DA267F3EBC00189BAB /* UIColor+Ext.swift */ = {isa = PBXFileReference; lastKnownFileType = sourcecode.swift; path = "UIColor+Ext.swift"; sourceTree = "<group>"; };
		AC8B89DE267F4F2C00189BAB /* PostHeaderDisplayItem.swift */ = {isa = PBXFileReference; lastKnownFileType = sourcecode.swift; path = PostHeaderDisplayItem.swift; sourceTree = "<group>"; };
		AC8B89E1267F4F6800189BAB /* PostHeaderDisplayItemFactory.swift */ = {isa = PBXFileReference; lastKnownFileType = sourcecode.swift; path = PostHeaderDisplayItemFactory.swift; sourceTree = "<group>"; };
		AC9C28EA25B3226A00A7FC1A /* VKLoginViewController.swift */ = {isa = PBXFileReference; lastKnownFileType = sourcecode.swift; path = VKLoginViewController.swift; sourceTree = "<group>"; };
		ACA80296257664CC00DC648A /* Curs2.app */ = {isa = PBXFileReference; explicitFileType = wrapper.application; includeInIndex = 0; path = Curs2.app; sourceTree = BUILT_PRODUCTS_DIR; };
		ACA80299257664CC00DC648A /* AppDelegate.swift */ = {isa = PBXFileReference; lastKnownFileType = sourcecode.swift; path = AppDelegate.swift; sourceTree = "<group>"; };
		ACA8029B257664CC00DC648A /* SceneDelegate.swift */ = {isa = PBXFileReference; lastKnownFileType = sourcecode.swift; path = SceneDelegate.swift; sourceTree = "<group>"; };
		ACA802A0257664CC00DC648A /* Base */ = {isa = PBXFileReference; lastKnownFileType = file.storyboard; name = Base; path = Base.lproj/Main.storyboard; sourceTree = "<group>"; };
		ACA802A2257664CD00DC648A /* Assets.xcassets */ = {isa = PBXFileReference; lastKnownFileType = folder.assetcatalog; path = Assets.xcassets; sourceTree = "<group>"; };
		ACA802A5257664CD00DC648A /* Base */ = {isa = PBXFileReference; lastKnownFileType = file.storyboard; name = Base; path = Base.lproj/LaunchScreen.storyboard; sourceTree = "<group>"; };
		ACA802A7257664CD00DC648A /* Info.plist */ = {isa = PBXFileReference; lastKnownFileType = text.plist.xml; path = Info.plist; sourceTree = "<group>"; };
		ACA802AE2576737D00DC648A /* LoginFormController.swift */ = {isa = PBXFileReference; lastKnownFileType = sourcecode.swift; path = LoginFormController.swift; sourceTree = "<group>"; };
		ACABA141258F5A99009D28BE /* LikeControl.swift */ = {isa = PBXFileReference; lastKnownFileType = sourcecode.swift; path = LikeControl.swift; sourceTree = "<group>"; };
		ACABA145258FBB8E009D28BE /* FriendsSectionHeader.swift */ = {isa = PBXFileReference; lastKnownFileType = sourcecode.swift; path = FriendsSectionHeader.swift; sourceTree = "<group>"; };
		ACD311D025812B7D00A31DB9 /* User.swift */ = {isa = PBXFileReference; lastKnownFileType = sourcecode.swift; path = User.swift; sourceTree = "<group>"; };
		ACD311D425812B9400A31DB9 /* Group.swift */ = {isa = PBXFileReference; lastKnownFileType = sourcecode.swift; path = Group.swift; sourceTree = "<group>"; };
		ACD311D725812D4F00A31DB9 /* MyGroupsTableViewController.swift */ = {isa = PBXFileReference; lastKnownFileType = sourcecode.swift; path = MyGroupsTableViewController.swift; sourceTree = "<group>"; };
		ACD311DA25812D7800A31DB9 /* GroupCell.swift */ = {isa = PBXFileReference; lastKnownFileType = sourcecode.swift; path = GroupCell.swift; sourceTree = "<group>"; };
		ACD311DE25812DA700A31DB9 /* AllGroupsTableViewController.swift */ = {isa = PBXFileReference; lastKnownFileType = sourcecode.swift; path = AllGroupsTableViewController.swift; sourceTree = "<group>"; };
		ACD311E22581317E00A31DB9 /* FriendCollectionViewCell.swift */ = {isa = PBXFileReference; lastKnownFileType = sourcecode.swift; path = FriendCollectionViewCell.swift; sourceTree = "<group>"; };
		ACD31FE325EA714700DB002B /* Post.swift */ = {isa = PBXFileReference; lastKnownFileType = sourcecode.swift; path = Post.swift; sourceTree = "<group>"; };
		ACE16401259DC51100703581 /* FullPhotoViewController.swift */ = {isa = PBXFileReference; lastKnownFileType = sourcecode.swift; path = FullPhotoViewController.swift; sourceTree = "<group>"; };
		ACE508DB25EBA1C600D22E0E /* PostHeaderView.swift */ = {isa = PBXFileReference; lastKnownFileType = sourcecode.swift; path = PostHeaderView.swift; sourceTree = "<group>"; };
		ACE508DC25EBA1C600D22E0E /* PostHeaderView.xib */ = {isa = PBXFileReference; lastKnownFileType = file.xib; path = PostHeaderView.xib; sourceTree = "<group>"; };
		ACE508E225EBE63100D22E0E /* FooterTableViewCell.swift */ = {isa = PBXFileReference; lastKnownFileType = sourcecode.swift; path = FooterTableViewCell.swift; sourceTree = "<group>"; };
		ACE508E325EBE63100D22E0E /* FooterTableViewCell.xib */ = {isa = PBXFileReference; lastKnownFileType = file.xib; path = FooterTableViewCell.xib; sourceTree = "<group>"; };
		ACFE68D0269231F000A01D83 /* NetworkServiceProxy.swift */ = {isa = PBXFileReference; lastKnownFileType = sourcecode.swift; path = NetworkServiceProxy.swift; sourceTree = "<group>"; };
		D90FB6CDADD6DE28325D379F /* Pods_Curs2.framework */ = {isa = PBXFileReference; explicitFileType = wrapper.framework; includeInIndex = 0; path = Pods_Curs2.framework; sourceTree = BUILT_PRODUCTS_DIR; };
/* End PBXFileReference section */

/* Begin PBXFrameworksBuildPhase section */
		ACA80293257664CC00DC648A /* Frameworks */ = {
			isa = PBXFrameworksBuildPhase;
			buildActionMask = 2147483647;
			files = (
				364178DF2F2CCF5C1509F0C6 /* Pods_Curs2.framework in Frameworks */,
			);
			runOnlyForDeploymentPostprocessing = 0;
		};
/* End PBXFrameworksBuildPhase section */

/* Begin PBXGroup section */
		67E796839BAC8962FBAF07BA /* Frameworks */ = {
			isa = PBXGroup;
			children = (
				D90FB6CDADD6DE28325D379F /* Pods_Curs2.framework */,
			);
			name = Frameworks;
			sourceTree = "<group>";
		};
		AC0D7F2725EEB91900878536 /* PostViews */ = {
			isa = PBXGroup;
			children = (
				AC497F3225FCD9DA00247CF5 /* Photo */,
				AC0D7F2825EEB92D00878536 /* Post */,
			);
			path = PostViews;
			sourceTree = "<group>";
		};
		AC0D7F2825EEB92D00878536 /* Post */ = {
			isa = PBXGroup;
			children = (
				AC0D7F2925EEB95100878536 /* PostTableViewCell.swift */,
				AC0D7F2A25EEB95100878536 /* PostTableViewCell.xib */,
			);
			path = Post;
			sourceTree = "<group>";
		};
		AC1B651926590C8D0027C3C5 /* Operations */ = {
			isa = PBXGroup;
			children = (
				AC1B651A26590CA50027C3C5 /* GroupParsingOperation.swift */,
			);
			path = Operations;
			sourceTree = "<group>";
		};
		AC2E5274257FFB36000F4B7D /* Friends */ = {
			isa = PBXGroup;
			children = (
				AC2E5277257FFD29000F4B7D /* FriendsTableViewController.swift */,
				AC2E527A257FFD8F000F4B7D /* FriendCell.swift */,
				AC2E528125800AE5000F4B7D /* FriendCollectionViewController.swift */,
				ACD311E22581317E00A31DB9 /* FriendCollectionViewCell.swift */,
				ACABA145258FBB8E009D28BE /* FriendsSectionHeader.swift */,
				ACE16401259DC51100703581 /* FullPhotoViewController.swift */,
			);
			path = Friends;
			sourceTree = "<group>";
		};
		AC2E5275257FFB4E000F4B7D /* Groups */ = {
			isa = PBXGroup;
			children = (
				ACD311D725812D4F00A31DB9 /* MyGroupsTableViewController.swift */,
				ACD311DA25812D7800A31DB9 /* GroupCell.swift */,
				ACD311DE25812DA700A31DB9 /* AllGroupsTableViewController.swift */,
			);
			path = Groups;
			sourceTree = "<group>";
		};
		AC35038425B31CE4003DE006 /* Services */ = {
			isa = PBXGroup;
			children = (
				ACFE68D2269234FD00A01D83 /* NetworkService */,
				AC54360425C68E49009468E2 /* ReamService.swift */,
				AC521B60260739FC00F4325D /* PhotoService.swift */,
			);
			path = Services;
			sourceTree = "<group>";
		};
		AC497F3225FCD9DA00247CF5 /* Photo */ = {
			isa = PBXGroup;
			children = (
				AC497F3325FCDA0700247CF5 /* PhotoTableViewCell.swift */,
				AC497F3425FCDA0700247CF5 /* PhotoTableViewCell.xib */,
			);
			path = Photo;
			sourceTree = "<group>";
		};
		AC82554D25C9B84000929CB6 /* Extensions */ = {
			isa = PBXGroup;
			children = (
				AC82554E25C9B85F00929CB6 /* UITableView+Ext.swift */,
				AC82555125C9B9FC00929CB6 /* UIViewController+Ext.swift */,
				AC82555425C9BBD100929CB6 /* UIImageView+Ext.swift */,
				AC8B89DA267F3EBC00189BAB /* UIColor+Ext.swift */,
			);
			path = Extensions;
			sourceTree = "<group>";
		};
		AC86559F25A5E303000FF568 /* NavigationController */ = {
			isa = PBXGroup;
			children = (
				AC8655A025A5E32D000FF568 /* CustomNavigationController.swift */,
				AC8655A325A5E45F000FF568 /* CustomNavigationControllerTransitions.swift */,
			);
			path = NavigationController;
			sourceTree = "<group>";
		};
		AC87B7E225939E350057DD1F /* News */ = {
			isa = PBXGroup;
			children = (
				AC0D7F2725EEB91900878536 /* PostViews */,
				ACE508E025EBE4A200D22E0E /* Footer */,
				ACE508CD25EB8EC700D22E0E /* Header */,
				AC87B7E325939E5A0057DD1F /* NewsTableViewController.swift */,
				AC87B7E725939E890057DD1F /* NewsTableViewCell.swift */,
			);
			path = News;
			sourceTree = "<group>";
		};
		AC8B89DC267F4E7B00189BAB /* Common */ = {
			isa = PBXGroup;
			children = (
				AC8B89E0267F4F3A00189BAB /* Factories */,
				AC8B89DD267F4E8400189BAB /* DisplayItems */,
			);
			path = Common;
			sourceTree = "<group>";
		};
		AC8B89DD267F4E8400189BAB /* DisplayItems */ = {
			isa = PBXGroup;
			children = (
				AC8B89DE267F4F2C00189BAB /* PostHeaderDisplayItem.swift */,
			);
			path = DisplayItems;
			sourceTree = "<group>";
		};
		AC8B89E0267F4F3A00189BAB /* Factories */ = {
			isa = PBXGroup;
			children = (
				AC8B89E1267F4F6800189BAB /* PostHeaderDisplayItemFactory.swift */,
			);
			path = Factories;
			sourceTree = "<group>";
		};
		AC9C28ED25B3279900A7FC1A /* View */ = {
			isa = PBXGroup;
			children = (
				ACA8029F257664CC00DC648A /* Main.storyboard */,
				ACA802A4257664CD00DC648A /* LaunchScreen.storyboard */,
			);
			path = View;
			sourceTree = "<group>";
		};
		ACA8028D257664CC00DC648A = {
			isa = PBXGroup;
			children = (
				ACA80298257664CC00DC648A /* Curs2 */,
				ACA80297257664CC00DC648A /* Products */,
				EAE2CDAA4B614B9F983B1F18 /* Pods */,
				67E796839BAC8962FBAF07BA /* Frameworks */,
			);
			sourceTree = "<group>";
		};
		ACA80297257664CC00DC648A /* Products */ = {
			isa = PBXGroup;
			children = (
				ACA80296257664CC00DC648A /* Curs2.app */,
			);
			name = Products;
			sourceTree = "<group>";
		};
		ACA80298257664CC00DC648A /* Curs2 */ = {
			isa = PBXGroup;
			children = (
				AC8B89DC267F4E7B00189BAB /* Common */,
				AC1B651926590C8D0027C3C5 /* Operations */,
				AC82554D25C9B84000929CB6 /* Extensions */,
				AC35038425B31CE4003DE006 /* Services */,
				AC86559F25A5E303000FF568 /* NavigationController */,
				AC87B7E225939E350057DD1F /* News */,
				ACABA140258F59D0009D28BE /* Controls */,
				ACD311CF25812AEF00A31DB9 /* Model */,
				AC2E5275257FFB4E000F4B7D /* Groups */,
				AC2E5274257FFB36000F4B7D /* Friends */,
				ACA802AE2576737D00DC648A /* LoginFormController.swift */,
				ACA80299257664CC00DC648A /* AppDelegate.swift */,
				ACA8029B257664CC00DC648A /* SceneDelegate.swift */,
				AC9C28ED25B3279900A7FC1A /* View */,
				ACA802A2257664CD00DC648A /* Assets.xcassets */,
				ACA802A7257664CD00DC648A /* Info.plist */,
				AC2164FB25972B8000E0B2BF /* LoadingDots.swift */,
				AC9C28EA25B3226A00A7FC1A /* VKLoginViewController.swift */,
			);
			path = Curs2;
			sourceTree = "<group>";
		};
		ACABA140258F59D0009D28BE /* Controls */ = {
			isa = PBXGroup;
			children = (
				ACABA141258F5A99009D28BE /* LikeControl.swift */,
			);
			path = Controls;
			sourceTree = "<group>";
		};
		ACD311CF25812AEF00A31DB9 /* Model */ = {
			isa = PBXGroup;
			children = (
				ACD311D025812B7D00A31DB9 /* User.swift */,
				ACD311D425812B9400A31DB9 /* Group.swift */,
				AC550D472583DE4F00255250 /* Avatar.swift */,
				AC87B7EA2593A1100057DD1F /* News.swift */,
				AC6B102425AE044D00689A64 /* Session.swift */,
				AC10AE4F25B8A9E500B98471 /* Photo.swift */,
				ACD31FE325EA714700DB002B /* Post.swift */,
				AC497F3925FCDE7B00247CF5 /* Attachment.swift */,
				AC1B651C26590D290027C3C5 /* VKModelProtocol.swift */,
			);
			path = Model;
			sourceTree = "<group>";
		};
		ACE508CD25EB8EC700D22E0E /* Header */ = {
			isa = PBXGroup;
			children = (
				ACE508DB25EBA1C600D22E0E /* PostHeaderView.swift */,
				ACE508DC25EBA1C600D22E0E /* PostHeaderView.xib */,
			);
			path = Header;
			sourceTree = "<group>";
		};
		ACE508E025EBE4A200D22E0E /* Footer */ = {
			isa = PBXGroup;
			children = (
				ACE508E225EBE63100D22E0E /* FooterTableViewCell.swift */,
				ACE508E325EBE63100D22E0E /* FooterTableViewCell.xib */,
			);
			path = Footer;
			sourceTree = "<group>";
		};
		ACFE68D2269234FD00A01D83 /* NetworkService */ = {
			isa = PBXGroup;
			children = (
				AC35038525B31CFE003DE006 /* NetworkService.swift */,
				ACFE68D0269231F000A01D83 /* NetworkServiceProxy.swift */,
			);
			path = NetworkService;
			sourceTree = "<group>";
		};
		EAE2CDAA4B614B9F983B1F18 /* Pods */ = {
			isa = PBXGroup;
			children = (
				933552D0AA3EFD7734DF29FE /* Pods-Curs2.debug.xcconfig */,
				9E10102B6A10077E85281EE0 /* Pods-Curs2.release.xcconfig */,
			);
			path = Pods;
			sourceTree = "<group>";
		};
/* End PBXGroup section */

/* Begin PBXNativeTarget section */
		ACA80295257664CC00DC648A /* Curs2 */ = {
			isa = PBXNativeTarget;
			buildConfigurationList = ACA802AA257664CD00DC648A /* Build configuration list for PBXNativeTarget "Curs2" */;
			buildPhases = (
				B1DEC8BFFC29E3E172B3023E /* [CP] Check Pods Manifest.lock */,
				ACA80292257664CC00DC648A /* Sources */,
				ACA80293257664CC00DC648A /* Frameworks */,
				ACA80294257664CC00DC648A /* Resources */,
				94F3E4E7FA76B583058DCD33 /* [CP] Embed Pods Frameworks */,
			);
			buildRules = (
			);
			dependencies = (
			);
			name = Curs2;
			productName = Curs2;
			productReference = ACA80296257664CC00DC648A /* Curs2.app */;
			productType = "com.apple.product-type.application";
		};
/* End PBXNativeTarget section */

/* Begin PBXProject section */
		ACA8028E257664CC00DC648A /* Project object */ = {
			isa = PBXProject;
			attributes = {
				LastSwiftUpdateCheck = 1220;
				LastUpgradeCheck = 1220;
				TargetAttributes = {
					ACA80295257664CC00DC648A = {
						CreatedOnToolsVersion = 12.2;
					};
				};
			};
			buildConfigurationList = ACA80291257664CC00DC648A /* Build configuration list for PBXProject "Curs2" */;
			compatibilityVersion = "Xcode 9.3";
			developmentRegion = en;
			hasScannedForEncodings = 0;
			knownRegions = (
				en,
				Base,
			);
			mainGroup = ACA8028D257664CC00DC648A;
			productRefGroup = ACA80297257664CC00DC648A /* Products */;
			projectDirPath = "";
			projectRoot = "";
			targets = (
				ACA80295257664CC00DC648A /* Curs2 */,
			);
		};
/* End PBXProject section */

/* Begin PBXResourcesBuildPhase section */
		ACA80294257664CC00DC648A /* Resources */ = {
			isa = PBXResourcesBuildPhase;
			buildActionMask = 2147483647;
			files = (
				ACA802A6257664CD00DC648A /* LaunchScreen.storyboard in Resources */,
				ACE508E525EBE63100D22E0E /* FooterTableViewCell.xib in Resources */,
				ACE508DE25EBA1C600D22E0E /* PostHeaderView.xib in Resources */,
				AC0D7F2C25EEB95100878536 /* PostTableViewCell.xib in Resources */,
				ACA802A3257664CD00DC648A /* Assets.xcassets in Resources */,
				ACA802A1257664CC00DC648A /* Main.storyboard in Resources */,
				AC497F3625FCDA0700247CF5 /* PhotoTableViewCell.xib in Resources */,
			);
			runOnlyForDeploymentPostprocessing = 0;
		};
/* End PBXResourcesBuildPhase section */

/* Begin PBXShellScriptBuildPhase section */
		94F3E4E7FA76B583058DCD33 /* [CP] Embed Pods Frameworks */ = {
			isa = PBXShellScriptBuildPhase;
			buildActionMask = 2147483647;
			files = (
			);
			inputFileListPaths = (
				"${PODS_ROOT}/Target Support Files/Pods-Curs2/Pods-Curs2-frameworks-${CONFIGURATION}-input-files.xcfilelist",
			);
			name = "[CP] Embed Pods Frameworks";
			outputFileListPaths = (
				"${PODS_ROOT}/Target Support Files/Pods-Curs2/Pods-Curs2-frameworks-${CONFIGURATION}-output-files.xcfilelist",
			);
			runOnlyForDeploymentPostprocessing = 0;
			shellPath = /bin/sh;
			shellScript = "\"${PODS_ROOT}/Target Support Files/Pods-Curs2/Pods-Curs2-frameworks.sh\"\n";
			showEnvVarsInLog = 0;
		};
		B1DEC8BFFC29E3E172B3023E /* [CP] Check Pods Manifest.lock */ = {
			isa = PBXShellScriptBuildPhase;
			buildActionMask = 2147483647;
			files = (
			);
			inputFileListPaths = (
			);
			inputPaths = (
				"${PODS_PODFILE_DIR_PATH}/Podfile.lock",
				"${PODS_ROOT}/Manifest.lock",
			);
			name = "[CP] Check Pods Manifest.lock";
			outputFileListPaths = (
			);
			outputPaths = (
				"$(DERIVED_FILE_DIR)/Pods-Curs2-checkManifestLockResult.txt",
			);
			runOnlyForDeploymentPostprocessing = 0;
			shellPath = /bin/sh;
			shellScript = "diff \"${PODS_PODFILE_DIR_PATH}/Podfile.lock\" \"${PODS_ROOT}/Manifest.lock\" > /dev/null\nif [ $? != 0 ] ; then\n    # print error to STDERR\n    echo \"error: The sandbox is not in sync with the Podfile.lock. Run 'pod install' or update your CocoaPods installation.\" >&2\n    exit 1\nfi\n# This output is used by Xcode 'outputs' to avoid re-running this script phase.\necho \"SUCCESS\" > \"${SCRIPT_OUTPUT_FILE_0}\"\n";
			showEnvVarsInLog = 0;
		};
/* End PBXShellScriptBuildPhase section */

/* Begin PBXSourcesBuildPhase section */
		ACA80292257664CC00DC648A /* Sources */ = {
			isa = PBXSourcesBuildPhase;
			buildActionMask = 2147483647;
			files = (
				AC497F3525FCDA0700247CF5 /* PhotoTableViewCell.swift in Sources */,
				AC8655A125A5E32D000FF568 /* CustomNavigationController.swift in Sources */,
				ACD311E32581317E00A31DB9 /* FriendCollectionViewCell.swift in Sources */,
				AC82555225C9B9FC00929CB6 /* UIViewController+Ext.swift in Sources */,
				AC82554F25C9B85F00929CB6 /* UITableView+Ext.swift in Sources */,
				ACA802AF2576737D00DC648A /* LoginFormController.swift in Sources */,
				AC1B651B26590CA50027C3C5 /* GroupParsingOperation.swift in Sources */,
				AC10AE5025B8A9E500B98471 /* Photo.swift in Sources */,
				ACD311D825812D4F00A31DB9 /* MyGroupsTableViewController.swift in Sources */,
				AC87B7E425939E5A0057DD1F /* NewsTableViewController.swift in Sources */,
				AC35038625B31CFE003DE006 /* NetworkService.swift in Sources */,
				AC2164FC25972B8000E0B2BF /* LoadingDots.swift in Sources */,
				ACA8029A257664CC00DC648A /* AppDelegate.swift in Sources */,
				ACFE68D1269231F000A01D83 /* NetworkServiceProxy.swift in Sources */,
				AC2E5278257FFD29000F4B7D /* FriendsTableViewController.swift in Sources */,
				AC8B89DF267F4F2C00189BAB /* PostHeaderDisplayItem.swift in Sources */,
				AC87B7EB2593A1100057DD1F /* News.swift in Sources */,
				AC8655A425A5E45F000FF568 /* CustomNavigationControllerTransitions.swift in Sources */,
				AC9C28EB25B3226A00A7FC1A /* VKLoginViewController.swift in Sources */,
				ACD311DF25812DA700A31DB9 /* AllGroupsTableViewController.swift in Sources */,
				AC54360525C68E49009468E2 /* ReamService.swift in Sources */,
				AC8B89E2267F4F6800189BAB /* PostHeaderDisplayItemFactory.swift in Sources */,
				ACD311D525812B9400A31DB9 /* Group.swift in Sources */,
				AC87B7E825939E890057DD1F /* NewsTableViewCell.swift in Sources */,
				AC521B61260739FC00F4325D /* PhotoService.swift in Sources */,
				AC0D7F2B25EEB95100878536 /* PostTableViewCell.swift in Sources */,
				ACE508E425EBE63100D22E0E /* FooterTableViewCell.swift in Sources */,
				ACABA142258F5A99009D28BE /* LikeControl.swift in Sources */,
				ACD31FE425EA714700DB002B /* Post.swift in Sources */,
				AC82555525C9BBD100929CB6 /* UIImageView+Ext.swift in Sources */,
				ACE16402259DC51100703581 /* FullPhotoViewController.swift in Sources */,
				ACD311DB25812D7800A31DB9 /* GroupCell.swift in Sources */,
				AC550D482583DE4F00255250 /* Avatar.swift in Sources */,
				AC497F3A25FCDE7B00247CF5 /* Attachment.swift in Sources */,
				ACE508DD25EBA1C600D22E0E /* PostHeaderView.swift in Sources */,
				ACA8029C257664CC00DC648A /* SceneDelegate.swift in Sources */,
				AC2E528225800AE5000F4B7D /* FriendCollectionViewController.swift in Sources */,
				AC2E527B257FFD8F000F4B7D /* FriendCell.swift in Sources */,
				AC1B651D26590D290027C3C5 /* VKModelProtocol.swift in Sources */,
				AC6B102525AE044D00689A64 /* Session.swift in Sources */,
				AC8B89DB267F3EBC00189BAB /* UIColor+Ext.swift in Sources */,
				ACD311D125812B7D00A31DB9 /* User.swift in Sources */,
				ACABA146258FBB8E009D28BE /* FriendsSectionHeader.swift in Sources */,
			);
			runOnlyForDeploymentPostprocessing = 0;
		};
/* End PBXSourcesBuildPhase section */

/* Begin PBXVariantGroup section */
		ACA8029F257664CC00DC648A /* Main.storyboard */ = {
			isa = PBXVariantGroup;
			children = (
				ACA802A0257664CC00DC648A /* Base */,
			);
			name = Main.storyboard;
			sourceTree = "<group>";
		};
		ACA802A4257664CD00DC648A /* LaunchScreen.storyboard */ = {
			isa = PBXVariantGroup;
			children = (
				ACA802A5257664CD00DC648A /* Base */,
			);
			name = LaunchScreen.storyboard;
			sourceTree = "<group>";
		};
/* End PBXVariantGroup section */

/* Begin XCBuildConfiguration section */
		ACA802A8257664CD00DC648A /* Debug */ = {
			isa = XCBuildConfiguration;
			buildSettings = {
				ALWAYS_SEARCH_USER_PATHS = NO;
				CLANG_ANALYZER_NONNULL = YES;
				CLANG_ANALYZER_NUMBER_OBJECT_CONVERSION = YES_AGGRESSIVE;
				CLANG_CXX_LANGUAGE_STANDARD = "gnu++14";
				CLANG_CXX_LIBRARY = "libc++";
				CLANG_ENABLE_MODULES = YES;
				CLANG_ENABLE_OBJC_ARC = YES;
				CLANG_ENABLE_OBJC_WEAK = YES;
				CLANG_WARN_BLOCK_CAPTURE_AUTORELEASING = YES;
				CLANG_WARN_BOOL_CONVERSION = YES;
				CLANG_WARN_COMMA = YES;
				CLANG_WARN_CONSTANT_CONVERSION = YES;
				CLANG_WARN_DEPRECATED_OBJC_IMPLEMENTATIONS = YES;
				CLANG_WARN_DIRECT_OBJC_ISA_USAGE = YES_ERROR;
				CLANG_WARN_DOCUMENTATION_COMMENTS = YES;
				CLANG_WARN_EMPTY_BODY = YES;
				CLANG_WARN_ENUM_CONVERSION = YES;
				CLANG_WARN_INFINITE_RECURSION = YES;
				CLANG_WARN_INT_CONVERSION = YES;
				CLANG_WARN_NON_LITERAL_NULL_CONVERSION = YES;
				CLANG_WARN_OBJC_IMPLICIT_RETAIN_SELF = YES;
				CLANG_WARN_OBJC_LITERAL_CONVERSION = YES;
				CLANG_WARN_OBJC_ROOT_CLASS = YES_ERROR;
				CLANG_WARN_QUOTED_INCLUDE_IN_FRAMEWORK_HEADER = YES;
				CLANG_WARN_RANGE_LOOP_ANALYSIS = YES;
				CLANG_WARN_STRICT_PROTOTYPES = YES;
				CLANG_WARN_SUSPICIOUS_MOVE = YES;
				CLANG_WARN_UNGUARDED_AVAILABILITY = YES_AGGRESSIVE;
				CLANG_WARN_UNREACHABLE_CODE = YES;
				CLANG_WARN__DUPLICATE_METHOD_MATCH = YES;
				COPY_PHASE_STRIP = NO;
				DEBUG_INFORMATION_FORMAT = dwarf;
				ENABLE_STRICT_OBJC_MSGSEND = YES;
				ENABLE_TESTABILITY = YES;
				GCC_C_LANGUAGE_STANDARD = gnu11;
				GCC_DYNAMIC_NO_PIC = NO;
				GCC_NO_COMMON_BLOCKS = YES;
				GCC_OPTIMIZATION_LEVEL = 0;
				GCC_PREPROCESSOR_DEFINITIONS = (
					"DEBUG=1",
					"$(inherited)",
				);
				GCC_WARN_64_TO_32_BIT_CONVERSION = YES;
				GCC_WARN_ABOUT_RETURN_TYPE = YES_ERROR;
				GCC_WARN_UNDECLARED_SELECTOR = YES;
				GCC_WARN_UNINITIALIZED_AUTOS = YES_AGGRESSIVE;
				GCC_WARN_UNUSED_FUNCTION = YES;
				GCC_WARN_UNUSED_VARIABLE = YES;
				IPHONEOS_DEPLOYMENT_TARGET = 14.2;
				MTL_ENABLE_DEBUG_INFO = INCLUDE_SOURCE;
				MTL_FAST_MATH = YES;
				ONLY_ACTIVE_ARCH = YES;
				SDKROOT = iphoneos;
				SWIFT_ACTIVE_COMPILATION_CONDITIONS = DEBUG;
				SWIFT_OPTIMIZATION_LEVEL = "-Onone";
			};
			name = Debug;
		};
		ACA802A9257664CD00DC648A /* Release */ = {
			isa = XCBuildConfiguration;
			buildSettings = {
				ALWAYS_SEARCH_USER_PATHS = NO;
				CLANG_ANALYZER_NONNULL = YES;
				CLANG_ANALYZER_NUMBER_OBJECT_CONVERSION = YES_AGGRESSIVE;
				CLANG_CXX_LANGUAGE_STANDARD = "gnu++14";
				CLANG_CXX_LIBRARY = "libc++";
				CLANG_ENABLE_MODULES = YES;
				CLANG_ENABLE_OBJC_ARC = YES;
				CLANG_ENABLE_OBJC_WEAK = YES;
				CLANG_WARN_BLOCK_CAPTURE_AUTORELEASING = YES;
				CLANG_WARN_BOOL_CONVERSION = YES;
				CLANG_WARN_COMMA = YES;
				CLANG_WARN_CONSTANT_CONVERSION = YES;
				CLANG_WARN_DEPRECATED_OBJC_IMPLEMENTATIONS = YES;
				CLANG_WARN_DIRECT_OBJC_ISA_USAGE = YES_ERROR;
				CLANG_WARN_DOCUMENTATION_COMMENTS = YES;
				CLANG_WARN_EMPTY_BODY = YES;
				CLANG_WARN_ENUM_CONVERSION = YES;
				CLANG_WARN_INFINITE_RECURSION = YES;
				CLANG_WARN_INT_CONVERSION = YES;
				CLANG_WARN_NON_LITERAL_NULL_CONVERSION = YES;
				CLANG_WARN_OBJC_IMPLICIT_RETAIN_SELF = YES;
				CLANG_WARN_OBJC_LITERAL_CONVERSION = YES;
				CLANG_WARN_OBJC_ROOT_CLASS = YES_ERROR;
				CLANG_WARN_QUOTED_INCLUDE_IN_FRAMEWORK_HEADER = YES;
				CLANG_WARN_RANGE_LOOP_ANALYSIS = YES;
				CLANG_WARN_STRICT_PROTOTYPES = YES;
				CLANG_WARN_SUSPICIOUS_MOVE = YES;
				CLANG_WARN_UNGUARDED_AVAILABILITY = YES_AGGRESSIVE;
				CLANG_WARN_UNREACHABLE_CODE = YES;
				CLANG_WARN__DUPLICATE_METHOD_MATCH = YES;
				COPY_PHASE_STRIP = NO;
				DEBUG_INFORMATION_FORMAT = "dwarf-with-dsym";
				ENABLE_NS_ASSERTIONS = NO;
				ENABLE_STRICT_OBJC_MSGSEND = YES;
				GCC_C_LANGUAGE_STANDARD = gnu11;
				GCC_NO_COMMON_BLOCKS = YES;
				GCC_WARN_64_TO_32_BIT_CONVERSION = YES;
				GCC_WARN_ABOUT_RETURN_TYPE = YES_ERROR;
				GCC_WARN_UNDECLARED_SELECTOR = YES;
				GCC_WARN_UNINITIALIZED_AUTOS = YES_AGGRESSIVE;
				GCC_WARN_UNUSED_FUNCTION = YES;
				GCC_WARN_UNUSED_VARIABLE = YES;
				IPHONEOS_DEPLOYMENT_TARGET = 14.2;
				MTL_ENABLE_DEBUG_INFO = NO;
				MTL_FAST_MATH = YES;
				SDKROOT = iphoneos;
				SWIFT_COMPILATION_MODE = wholemodule;
				SWIFT_OPTIMIZATION_LEVEL = "-O";
				VALIDATE_PRODUCT = YES;
			};
			name = Release;
		};
		ACA802AB257664CD00DC648A /* Debug */ = {
			isa = XCBuildConfiguration;
			baseConfigurationReference = 933552D0AA3EFD7734DF29FE /* Pods-Curs2.debug.xcconfig */;
			buildSettings = {
				ASSETCATALOG_COMPILER_APPICON_NAME = AppIcon;
				ASSETCATALOG_COMPILER_GLOBAL_ACCENT_COLOR_NAME = AccentColor;
				CODE_SIGN_STYLE = Automatic;
				DEVELOPMENT_TEAM = 2NNAXW3732;
				INFOPLIST_FILE = Curs2/Info.plist;
				LD_RUNPATH_SEARCH_PATHS = (
					"$(inherited)",
					"@executable_path/Frameworks",
				);
				PRODUCT_BUNDLE_IDENTIFIER = Artem.Curs2;
				PRODUCT_NAME = "$(TARGET_NAME)";
				SWIFT_VERSION = 5.0;
				TARGETED_DEVICE_FAMILY = "1,2";
			};
			name = Debug;
		};
		ACA802AC257664CD00DC648A /* Release */ = {
			isa = XCBuildConfiguration;
			baseConfigurationReference = 9E10102B6A10077E85281EE0 /* Pods-Curs2.release.xcconfig */;
			buildSettings = {
				ASSETCATALOG_COMPILER_APPICON_NAME = AppIcon;
				ASSETCATALOG_COMPILER_GLOBAL_ACCENT_COLOR_NAME = AccentColor;
				CODE_SIGN_STYLE = Automatic;
				DEVELOPMENT_TEAM = 2NNAXW3732;
				INFOPLIST_FILE = Curs2/Info.plist;
				LD_RUNPATH_SEARCH_PATHS = (
					"$(inherited)",
					"@executable_path/Frameworks",
				);
				PRODUCT_BUNDLE_IDENTIFIER = Artem.Curs2;
				PRODUCT_NAME = "$(TARGET_NAME)";
				SWIFT_VERSION = 5.0;
				TARGETED_DEVICE_FAMILY = "1,2";
			};
			name = Release;
		};
/* End XCBuildConfiguration section */

/* Begin XCConfigurationList section */
		ACA80291257664CC00DC648A /* Build configuration list for PBXProject "Curs2" */ = {
			isa = XCConfigurationList;
			buildConfigurations = (
				ACA802A8257664CD00DC648A /* Debug */,
				ACA802A9257664CD00DC648A /* Release */,
			);
			defaultConfigurationIsVisible = 0;
			defaultConfigurationName = Release;
		};
		ACA802AA257664CD00DC648A /* Build configuration list for PBXNativeTarget "Curs2" */ = {
			isa = XCConfigurationList;
			buildConfigurations = (
				ACA802AB257664CD00DC648A /* Debug */,
				ACA802AC257664CD00DC648A /* Release */,
			);
			defaultConfigurationIsVisible = 0;
			defaultConfigurationName = Release;
		};
/* End XCConfigurationList section */
	};
	rootObject = ACA8028E257664CC00DC648A /* Project object */;
}
